// !$*UTF8*$!
{
	archiveVersion = 1;
	classes = {
	};
	objectVersion = 56;
	objects = {

/* Begin PBXBuildFile section */
		326FA15F2F2B2CE100179673 /* User.swift in Sources */ = {isa = PBXBuildFile; fileRef = 326FA15E2F2B2CE100179673 /* User.swift */; };
		326FA1672F2B2DB700179673 /* AuthManager.swift in Sources */ = {isa = PBXBuildFile; fileRef = 326FA1642F2B2DB700179673 /* AuthManager.swift */; };
		326FA1682F2B2DB700179673 /* AuthService.swift in Sources */ = {isa = PBXBuildFile; fileRef = 326FA1652F2B2DB700179673 /* AuthService.swift */; };
		326FA16B2F2B2DD600179673 /* SignupView.swift in Sources */ = {isa = PBXBuildFile; fileRef = 326FA16A2F2B2DD600179673 /* SignupView.swift */; };
		326FA16C2F2B2DD600179673 /* LoginView.swift in Sources */ = {isa = PBXBuildFile; fileRef = 326FA1692F2B2DD600179673 /* LoginView.swift */; };
		326FA16E2F2C2EB900179673 /* ProfilePopupView.swift in Sources */ = {isa = PBXBuildFile; fileRef = 326FA16D2F2C2EB900179673 /* ProfilePopupView.swift */; };
		326FA1702F2C3A4100179673 /* ProfileService.swift in Sources */ = {isa = PBXBuildFile; fileRef = 326FA16F2F2C3A4100179673 /* ProfileService.swift */; };
		326FA1722F2C3A6100179673 /* AvatarView.swift in Sources */ = {isa = PBXBuildFile; fileRef = 326FA1712F2C3A6100179673 /* AvatarView.swift */; };
		326FA1742F2C403700179673 /* QuestService.swift in Sources */ = {isa = PBXBuildFile; fileRef = 326FA1732F2C403700179673 /* QuestService.swift */; };
		326FA1762F2FEC0700179673 /* ParticipantAvatarsView.swift in Sources */ = {isa = PBXBuildFile; fileRef = 326FA1752F2FEC0700179673 /* ParticipantAvatarsView.swift */; };
		326FA1782F2FEFB300179673 /* Constants.swift in Sources */ = {isa = PBXBuildFile; fileRef = 326FA1772F2FEFB300179673 /* Constants.swift */; };
		326FA1802F2FF8CF00179673 /* NotificationNames.swift in Sources */ = {isa = PBXBuildFile; fileRef = 326FA17F2F2FF8CF00179673 /* NotificationNames.swift */; };
		326FA1822F2FFACD00179673 /* SwipeToDeleteModifier.swift in Sources */ = {isa = PBXBuildFile; fileRef = 326FA1812F2FFACD00179673 /* SwipeToDeleteModifier.swift */; };
		326FA1872F300E3000179673 /* AddQuestViewModel.swift in Sources */ = {isa = PBXBuildFile; fileRef = 326FA1842F300E3000179673 /* AddQuestViewModel.swift */; };
		326FA1882F300E3000179673 /* HomeViewModel.swift in Sources */ = {isa = PBXBuildFile; fileRef = 326FA1852F300E3000179673 /* HomeViewModel.swift */; };
		326FA1892F300E3000179673 /* ProfileViewModel.swift in Sources */ = {isa = PBXBuildFile; fileRef = 326FA1862F300E3000179673 /* ProfileViewModel.swift */; };
		A1000001 /* CherriesApp.swift in Sources */ = {isa = PBXBuildFile; fileRef = A2000001 /* CherriesApp.swift */; };
		A1000002 /* ContentView.swift in Sources */ = {isa = PBXBuildFile; fileRef = A2000002 /* ContentView.swift */; };
		A1000003 /* Assets.xcassets in Resources */ = {isa = PBXBuildFile; fileRef = A2000003 /* Assets.xcassets */; };
		A1000004 /* SplashView.swift in Sources */ = {isa = PBXBuildFile; fileRef = A2000004 /* SplashView.swift */; };
		A1000005 /* HomeView.swift in Sources */ = {isa = PBXBuildFile; fileRef = A2000005 /* HomeView.swift */; };
		A1000006 /* Quest.swift in Sources */ = {isa = PBXBuildFile; fileRef = A2000006 /* Quest.swift */; };
		A1000007 /* Achievement.swift in Sources */ = {isa = PBXBuildFile; fileRef = A2000007 /* Achievement.swift */; };
		A1000008 /* QuestCard.swift in Sources */ = {isa = PBXBuildFile; fileRef = A2000008 /* QuestCard.swift */; };
		A1000009 /* AddQuestCard.swift in Sources */ = {isa = PBXBuildFile; fileRef = A2000009 /* AddQuestCard.swift */; };
		A1000010 /* AchievementBadge.swift in Sources */ = {isa = PBXBuildFile; fileRef = A2000010 /* AchievementBadge.swift */; };
		A1000011 /* CherryLogo.swift in Sources */ = {isa = PBXBuildFile; fileRef = A2000011 /* CherryLogo.swift */; };
		A1000012 /* AppColors.swift in Sources */ = {isa = PBXBuildFile; fileRef = A2000012 /* AppColors.swift */; };
		A1000013 /* AddQuestView.swift in Sources */ = {isa = PBXBuildFile; fileRef = A2000013 /* AddQuestView.swift */; };
/* End PBXBuildFile section */

/* Begin PBXFileReference section */
		326FA15E2F2B2CE100179673 /* User.swift */ = {isa = PBXFileReference; lastKnownFileType = sourcecode.swift; path = User.swift; sourceTree = "<group>"; };
		326FA1642F2B2DB700179673 /* AuthManager.swift */ = {isa = PBXFileReference; lastKnownFileType = sourcecode.swift; path = AuthManager.swift; sourceTree = "<group>"; };
		326FA1652F2B2DB700179673 /* AuthService.swift */ = {isa = PBXFileReference; lastKnownFileType = sourcecode.swift; path = AuthService.swift; sourceTree = "<group>"; };
		326FA1692F2B2DD600179673 /* LoginView.swift */ = {isa = PBXFileReference; lastKnownFileType = sourcecode.swift; path = LoginView.swift; sourceTree = "<group>"; };
		326FA16A2F2B2DD600179673 /* SignupView.swift */ = {isa = PBXFileReference; lastKnownFileType = sourcecode.swift; path = SignupView.swift; sourceTree = "<group>"; };
		326FA16D2F2C2EB900179673 /* ProfilePopupView.swift */ = {isa = PBXFileReference; lastKnownFileType = sourcecode.swift; path = ProfilePopupView.swift; sourceTree = "<group>"; };
		326FA16F2F2C3A4100179673 /* ProfileService.swift */ = {isa = PBXFileReference; lastKnownFileType = sourcecode.swift; path = ProfileService.swift; sourceTree = "<group>"; };
		326FA1712F2C3A6100179673 /* AvatarView.swift */ = {isa = PBXFileReference; lastKnownFileType = sourcecode.swift; path = AvatarView.swift; sourceTree = "<group>"; };
		326FA1732F2C403700179673 /* QuestService.swift */ = {isa = PBXFileReference; lastKnownFileType = sourcecode.swift; path = QuestService.swift; sourceTree = "<group>"; };
		326FA1752F2FEC0700179673 /* ParticipantAvatarsView.swift */ = {isa = PBXFileReference; lastKnownFileType = sourcecode.swift; path = ParticipantAvatarsView.swift; sourceTree = "<group>"; };
		326FA1772F2FEFB300179673 /* Constants.swift */ = {isa = PBXFileReference; lastKnownFileType = sourcecode.swift; path = Constants.swift; sourceTree = "<group>"; };
		326FA17F2F2FF8CF00179673 /* NotificationNames.swift */ = {isa = PBXFileReference; lastKnownFileType = sourcecode.swift; path = NotificationNames.swift; sourceTree = "<group>"; };
		326FA1812F2FFACD00179673 /* SwipeToDeleteModifier.swift */ = {isa = PBXFileReference; lastKnownFileType = sourcecode.swift; path = SwipeToDeleteModifier.swift; sourceTree = "<group>"; };
		326FA1842F300E3000179673 /* AddQuestViewModel.swift */ = {isa = PBXFileReference; lastKnownFileType = sourcecode.swift; path = AddQuestViewModel.swift; sourceTree = "<group>"; };
		326FA1852F300E3000179673 /* HomeViewModel.swift */ = {isa = PBXFileReference; lastKnownFileType = sourcecode.swift; path = HomeViewModel.swift; sourceTree = "<group>"; };
		326FA1862F300E3000179673 /* ProfileViewModel.swift */ = {isa = PBXFileReference; lastKnownFileType = sourcecode.swift; path = ProfileViewModel.swift; sourceTree = "<group>"; };
		A2000001 /* CherriesApp.swift */ = {isa = PBXFileReference; lastKnownFileType = sourcecode.swift; path = CherriesApp.swift; sourceTree = "<group>"; };
		A2000002 /* ContentView.swift */ = {isa = PBXFileReference; lastKnownFileType = sourcecode.swift; path = ContentView.swift; sourceTree = "<group>"; };
		A2000003 /* Assets.xcassets */ = {isa = PBXFileReference; lastKnownFileType = folder.assetcatalog; path = Assets.xcassets; sourceTree = "<group>"; };
		A2000004 /* SplashView.swift */ = {isa = PBXFileReference; lastKnownFileType = sourcecode.swift; path = SplashView.swift; sourceTree = "<group>"; };
		A2000005 /* HomeView.swift */ = {isa = PBXFileReference; lastKnownFileType = sourcecode.swift; path = HomeView.swift; sourceTree = "<group>"; };
		A2000006 /* Quest.swift */ = {isa = PBXFileReference; lastKnownFileType = sourcecode.swift; path = Quest.swift; sourceTree = "<group>"; };
		A2000007 /* Achievement.swift */ = {isa = PBXFileReference; lastKnownFileType = sourcecode.swift; path = Achievement.swift; sourceTree = "<group>"; };
		A2000008 /* QuestCard.swift */ = {isa = PBXFileReference; lastKnownFileType = sourcecode.swift; path = QuestCard.swift; sourceTree = "<group>"; };
		A2000009 /* AddQuestCard.swift */ = {isa = PBXFileReference; lastKnownFileType = sourcecode.swift; path = AddQuestCard.swift; sourceTree = "<group>"; };
		A2000010 /* AchievementBadge.swift */ = {isa = PBXFileReference; lastKnownFileType = sourcecode.swift; path = AchievementBadge.swift; sourceTree = "<group>"; };
		A2000011 /* CherryLogo.swift */ = {isa = PBXFileReference; lastKnownFileType = sourcecode.swift; path = CherryLogo.swift; sourceTree = "<group>"; };
		A2000012 /* AppColors.swift */ = {isa = PBXFileReference; lastKnownFileType = sourcecode.swift; path = AppColors.swift; sourceTree = "<group>"; };
		A2000013 /* AddQuestView.swift */ = {isa = PBXFileReference; lastKnownFileType = sourcecode.swift; path = AddQuestView.swift; sourceTree = "<group>"; };
		A3000001 /* Cherries.app */ = {isa = PBXFileReference; explicitFileType = wrapper.application; includeInIndex = 0; path = Cherries.app; sourceTree = BUILT_PRODUCTS_DIR; };
/* End PBXFileReference section */

/* Begin PBXFrameworksBuildPhase section */
		A4000001 /* Frameworks */ = {
			isa = PBXFrameworksBuildPhase;
			buildActionMask = 2147483647;
			files = (
			);
			runOnlyForDeploymentPostprocessing = 0;
		};
/* End PBXFrameworksBuildPhase section */

/* Begin PBXGroup section */
		326FA1662F2B2DB700179673 /* Services */ = {
			isa = PBXGroup;
			children = (
				326FA1732F2C403700179673 /* QuestService.swift */,
				326FA16F2F2C3A4100179673 /* ProfileService.swift */,
				326FA1642F2B2DB700179673 /* AuthManager.swift */,
				326FA1652F2B2DB700179673 /* AuthService.swift */,
			);
			path = Services;
			sourceTree = "<group>";
		};
		326FA1832F300DAB00179673 /* ViewModels */ = {
			isa = PBXGroup;
			children = (
				326FA1842F300E3000179673 /* AddQuestViewModel.swift */,
				326FA1852F300E3000179673 /* HomeViewModel.swift */,
				326FA1862F300E3000179673 /* ProfileViewModel.swift */,
			);
			path = ViewModels;
			sourceTree = "<group>";
		};
		A5000001 = {
			isa = PBXGroup;
			children = (
				A5000002 /* Cherries */,
				A5000003 /* Products */,
			);
			sourceTree = "<group>";
		};
		A5000002 /* Cherries */ = {
			isa = PBXGroup;
			children = (
				326FA1772F2FEFB300179673 /* Constants.swift */,
				A2000001 /* CherriesApp.swift */,
				A2000002 /* ContentView.swift */,
				326FA1662F2B2DB700179673 /* Services */,
				A5000004 /* Views */,
				326FA1832F300DAB00179673 /* ViewModels */,
				A5000005 /* Models */,
				A5000006 /* Components */,
				A2000003 /* Assets.xcassets */,
				326FA17F2F2FF8CF00179673 /* NotificationNames.swift */,
			);
			path = Cherries;
			sourceTree = "<group>";
		};
		A5000003 /* Products */ = {
			isa = PBXGroup;
			children = (
				A3000001 /* Cherries.app */,
			);
			name = Products;
			sourceTree = "<group>";
		};
		A5000004 /* Views */ = {
			isa = PBXGroup;
			children = (
				326FA16D2F2C2EB900179673 /* ProfilePopupView.swift */,
				326FA1692F2B2DD600179673 /* LoginView.swift */,
				326FA16A2F2B2DD600179673 /* SignupView.swift */,
				A2000004 /* SplashView.swift */,
				A2000005 /* HomeView.swift */,
				A2000013 /* AddQuestView.swift */,
				326FA1812F2FFACD00179673 /* SwipeToDeleteModifier.swift */,
			);
			path = Views;
			sourceTree = "<group>";
		};
		A5000005 /* Models */ = {
			isa = PBXGroup;
			children = (
				326FA15E2F2B2CE100179673 /* User.swift */,
				A2000006 /* Quest.swift */,
				A2000007 /* Achievement.swift */,
			);
			path = Models;
			sourceTree = "<group>";
		};
		A5000006 /* Components */ = {
			isa = PBXGroup;
			children = (
				326FA1752F2FEC0700179673 /* ParticipantAvatarsView.swift */,
				326FA1712F2C3A6100179673 /* AvatarView.swift */,
				A2000008 /* QuestCard.swift */,
				A2000009 /* AddQuestCard.swift */,
				A2000010 /* AchievementBadge.swift */,
				A2000011 /* CherryLogo.swift */,
				A2000012 /* AppColors.swift */,
			);
			path = Components;
			sourceTree = "<group>";
		};
/* End PBXGroup section */

/* Begin PBXNativeTarget section */
		A6000001 /* Cherries */ = {
			isa = PBXNativeTarget;
			buildConfigurationList = A7000003 /* Build configuration list for PBXNativeTarget "Cherries" */;
			buildPhases = (
				A6000002 /* Sources */,
				A4000001 /* Frameworks */,
				A6000003 /* Resources */,
			);
			buildRules = (
			);
			dependencies = (
			);
			name = Cherries;
			productName = Cherries;
			productReference = A3000001 /* Cherries.app */;
			productType = "com.apple.product-type.application";
		};
/* End PBXNativeTarget section */

/* Begin PBXProject section */
		A7000001 /* Project object */ = {
			isa = PBXProject;
			attributes = {
				BuildIndependentTargetsInParallel = 1;
				LastSwiftUpdateCheck = 1500;
				LastUpgradeCheck = 1500;
				TargetAttributes = {
					A6000001 = {
						CreatedOnToolsVersion = 15.0;
					};
				};
			};
			buildConfigurationList = A7000002 /* Build configuration list for PBXProject "Cherries" */;
			compatibilityVersion = "Xcode 14.0";
			developmentRegion = en;
			hasScannedForEncodings = 0;
			knownRegions = (
				en,
				Base,
			);
			mainGroup = A5000001;
			productRefGroup = A5000003 /* Products */;
			projectDirPath = "";
			projectRoot = "";
			targets = (
				A6000001 /* Cherries */,
			);
		};
/* End PBXProject section */

/* Begin PBXResourcesBuildPhase section */
		A6000003 /* Resources */ = {
			isa = PBXResourcesBuildPhase;
			buildActionMask = 2147483647;
			files = (
				A1000003 /* Assets.xcassets in Resources */,
			);
			runOnlyForDeploymentPostprocessing = 0;
		};
/* End PBXResourcesBuildPhase section */

/* Begin PBXSourcesBuildPhase section */
		A6000002 /* Sources */ = {
			isa = PBXSourcesBuildPhase;
			buildActionMask = 2147483647;
			files = (
				326FA1742F2C403700179673 /* QuestService.swift in Sources */,
				326FA15F2F2B2CE100179673 /* User.swift in Sources */,
				A1000001 /* CherriesApp.swift in Sources */,
				A1000002 /* ContentView.swift in Sources */,
				326FA1872F300E3000179673 /* AddQuestViewModel.swift in Sources */,
				326FA1882F300E3000179673 /* HomeViewModel.swift in Sources */,
				326FA1892F300E3000179673 /* ProfileViewModel.swift in Sources */,
				A1000004 /* SplashView.swift in Sources */,
				A1000005 /* HomeView.swift in Sources */,
				326FA1782F2FEFB300179673 /* Constants.swift in Sources */,
				A1000006 /* Quest.swift in Sources */,
				326FA1762F2FEC0700179673 /* ParticipantAvatarsView.swift in Sources */,
				A1000007 /* Achievement.swift in Sources */,
				A1000008 /* QuestCard.swift in Sources */,
				326FA1822F2FFACD00179673 /* SwipeToDeleteModifier.swift in Sources */,
				A1000009 /* AddQuestCard.swift in Sources */,
				A1000010 /* AchievementBadge.swift in Sources */,
				326FA1802F2FF8CF00179673 /* NotificationNames.swift in Sources */,
				326FA16B2F2B2DD600179673 /* SignupView.swift in Sources */,
				326FA16C2F2B2DD600179673 /* LoginView.swift in Sources */,
				A1000011 /* CherryLogo.swift in Sources */,
				326FA1722F2C3A6100179673 /* AvatarView.swift in Sources */,
				326FA16E2F2C2EB900179673 /* ProfilePopupView.swift in Sources */,
				326FA1702F2C3A4100179673 /* ProfileService.swift in Sources */,
				A1000012 /* AppColors.swift in Sources */,
				326FA1672F2B2DB700179673 /* AuthManager.swift in Sources */,
				326FA1682F2B2DB700179673 /* AuthService.swift in Sources */,
				A1000013 /* AddQuestView.swift in Sources */,
			);
			runOnlyForDeploymentPostprocessing = 0;
		};
/* End PBXSourcesBuildPhase section */

/* Begin XCBuildConfiguration section */
		A8000001 /* Debug */ = {
			isa = XCBuildConfiguration;
			buildSettings = {
				ALWAYS_SEARCH_USER_PATHS = NO;
				ASSETCATALOG_COMPILER_GENERATE_SWIFT_ASSET_SYMBOL_EXTENSIONS = YES;
				CLANG_ANALYZER_NONNULL = YES;
				CLANG_ANALYZER_NUMBER_OBJECT_CONVERSION = YES_AGGRESSIVE;
				CLANG_CXX_LANGUAGE_STANDARD = "gnu++20";
				CLANG_ENABLE_MODULES = YES;
				CLANG_ENABLE_OBJC_ARC = YES;
				CLANG_ENABLE_OBJC_WEAK = YES;
				CLANG_WARN_BLOCK_CAPTURE_AUTORELEASING = YES;
				CLANG_WARN_BOOL_CONVERSION = YES;
				CLANG_WARN_COMMA = YES;
				CLANG_WARN_CONSTANT_CONVERSION = YES;
				CLANG_WARN_DEPRECATED_OBJC_IMPLEMENTATIONS = YES;
				CLANG_WARN_DIRECT_OBJC_ISA_USAGE = YES_ERROR;
				CLANG_WARN_DOCUMENTATION_COMMENTS = YES;
				CLANG_WARN_EMPTY_BODY = YES;
				CLANG_WARN_ENUM_CONVERSION = YES;
				CLANG_WARN_INFINITE_RECURSION = YES;
				CLANG_WARN_INT_CONVERSION = YES;
				CLANG_WARN_NON_LITERAL_NULL_CONVERSION = YES;
				CLANG_WARN_OBJC_IMPLICIT_RETAIN_SELF = YES;
				CLANG_WARN_OBJC_LITERAL_CONVERSION = YES;
				CLANG_WARN_OBJC_ROOT_CLASS = YES_ERROR;
				CLANG_WARN_QUOTED_INCLUDE_IN_FRAMEWORK_HEADER = YES;
				CLANG_WARN_RANGE_LOOP_ANALYSIS = YES;
				CLANG_WARN_STRICT_PROTOTYPES = YES;
				CLANG_WARN_SUSPICIOUS_MOVE = YES;
				CLANG_WARN_UNGUARDED_AVAILABILITY = YES_AGGRESSIVE;
				CLANG_WARN_UNREACHABLE_CODE = YES;
				CLANG_WARN__DUPLICATE_METHOD_MATCH = YES;
				COPY_PHASE_STRIP = NO;
				DEBUG_INFORMATION_FORMAT = dwarf;
				ENABLE_STRICT_OBJC_MSGSEND = YES;
				ENABLE_TESTABILITY = YES;
				ENABLE_USER_SCRIPT_SANDBOXING = YES;
				GCC_C_LANGUAGE_STANDARD = gnu17;
				GCC_DYNAMIC_NO_PIC = NO;
				GCC_NO_COMMON_BLOCKS = YES;
				GCC_OPTIMIZATION_LEVEL = 0;
				GCC_PREPROCESSOR_DEFINITIONS = (
					"DEBUG=1",
					"$(inherited)",
				);
				GCC_WARN_64_TO_32_BIT_CONVERSION = YES;
				GCC_WARN_ABOUT_RETURN_TYPE = YES_ERROR;
				GCC_WARN_UNDECLARED_SELECTOR = YES;
				GCC_WARN_UNINITIALIZED_AUTOS = YES_AGGRESSIVE;
				GCC_WARN_UNUSED_FUNCTION = YES;
				GCC_WARN_UNUSED_VARIABLE = YES;
				IPHONEOS_DEPLOYMENT_TARGET = 17.0;
				LOCALIZATION_PREFERS_STRING_CATALOGS = YES;
				MTL_ENABLE_DEBUG_INFO = INCLUDE_SOURCE;
				MTL_FAST_MATH = YES;
				ONLY_ACTIVE_ARCH = YES;
				SDKROOT = iphoneos;
				SWIFT_ACTIVE_COMPILATION_CONDITIONS = "DEBUG $(inherited)";
				SWIFT_OPTIMIZATION_LEVEL = "-Onone";
			};
			name = Debug;
		};
		A8000002 /* Release */ = {
			isa = XCBuildConfiguration;
			buildSettings = {
				ALWAYS_SEARCH_USER_PATHS = NO;
				ASSETCATALOG_COMPILER_GENERATE_SWIFT_ASSET_SYMBOL_EXTENSIONS = YES;
				CLANG_ANALYZER_NONNULL = YES;
				CLANG_ANALYZER_NUMBER_OBJECT_CONVERSION = YES_AGGRESSIVE;
				CLANG_CXX_LANGUAGE_STANDARD = "gnu++20";
				CLANG_ENABLE_MODULES = YES;
				CLANG_ENABLE_OBJC_ARC = YES;
				CLANG_ENABLE_OBJC_WEAK = YES;
				CLANG_WARN_BLOCK_CAPTURE_AUTORELEASING = YES;
				CLANG_WARN_BOOL_CONVERSION = YES;
				CLANG_WARN_COMMA = YES;
				CLANG_WARN_CONSTANT_CONVERSION = YES;
				CLANG_WARN_DEPRECATED_OBJC_IMPLEMENTATIONS = YES;
				CLANG_WARN_DIRECT_OBJC_ISA_USAGE = YES_ERROR;
				CLANG_WARN_DOCUMENTATION_COMMENTS = YES;
				CLANG_WARN_EMPTY_BODY = YES;
				CLANG_WARN_ENUM_CONVERSION = YES;
				CLANG_WARN_INFINITE_RECURSION = YES;
				CLANG_WARN_INT_CONVERSION = YES;
				CLANG_WARN_NON_LITERAL_NULL_CONVERSION = YES;
				CLANG_WARN_OBJC_IMPLICIT_RETAIN_SELF = YES;
				CLANG_WARN_OBJC_LITERAL_CONVERSION = YES;
				CLANG_WARN_OBJC_ROOT_CLASS = YES_ERROR;
				CLANG_WARN_QUOTED_INCLUDE_IN_FRAMEWORK_HEADER = YES;
				CLANG_WARN_RANGE_LOOP_ANALYSIS = YES;
				CLANG_WARN_STRICT_PROTOTYPES = YES;
				CLANG_WARN_SUSPICIOUS_MOVE = YES;
				CLANG_WARN_UNGUARDED_AVAILABILITY = YES_AGGRESSIVE;
				CLANG_WARN_UNREACHABLE_CODE = YES;
				CLANG_WARN__DUPLICATE_METHOD_MATCH = YES;
				COPY_PHASE_STRIP = NO;
				DEBUG_INFORMATION_FORMAT = "dwarf-with-dsym";
				ENABLE_NS_ASSERTIONS = NO;
				ENABLE_STRICT_OBJC_MSGSEND = YES;
				ENABLE_USER_SCRIPT_SANDBOXING = YES;
				GCC_C_LANGUAGE_STANDARD = gnu17;
				GCC_NO_COMMON_BLOCKS = YES;
				GCC_WARN_64_TO_32_BIT_CONVERSION = YES;
				GCC_WARN_ABOUT_RETURN_TYPE = YES_ERROR;
				GCC_WARN_UNDECLARED_SELECTOR = YES;
				GCC_WARN_UNINITIALIZED_AUTOS = YES_AGGRESSIVE;
				GCC_WARN_UNUSED_FUNCTION = YES;
				GCC_WARN_UNUSED_VARIABLE = YES;
				IPHONEOS_DEPLOYMENT_TARGET = 17.0;
				LOCALIZATION_PREFERS_STRING_CATALOGS = YES;
				MTL_ENABLE_DEBUG_INFO = NO;
				MTL_FAST_MATH = YES;
				SDKROOT = iphoneos;
				SWIFT_COMPILATION_MODE = wholemodule;
				VALIDATE_PRODUCT = YES;
			};
			name = Release;
		};
		A8000003 /* Debug */ = {
			isa = XCBuildConfiguration;
			buildSettings = {
				ASSETCATALOG_COMPILER_APPICON_NAME = AppIcon;
				ASSETCATALOG_COMPILER_GLOBAL_ACCENT_COLOR_NAME = AccentColor;
				CODE_SIGN_STYLE = Automatic;
				CURRENT_PROJECT_VERSION = 1;
				DEVELOPMENT_TEAM = "";
				ENABLE_PREVIEWS = YES;
				GENERATE_INFOPLIST_FILE = YES;
				INFOPLIST_KEY_UIApplicationSceneManifest_Generation = YES;
				INFOPLIST_KEY_UIApplicationSupportsIndirectInputEvents = YES;
				INFOPLIST_KEY_UILaunchScreen_Generation = YES;
				INFOPLIST_KEY_UISupportedInterfaceOrientations_iPad = "UIInterfaceOrientationPortrait UIInterfaceOrientationPortraitUpsideDown UIInterfaceOrientationLandscapeLeft UIInterfaceOrientationLandscapeRight";
				INFOPLIST_KEY_UISupportedInterfaceOrientations_iPhone = "UIInterfaceOrientationPortrait UIInterfaceOrientationLandscapeLeft UIInterfaceOrientationLandscapeRight";
				LD_RUNPATH_SEARCH_PATHS = (
					"$(inherited)",
					"@executable_path/Frameworks",
				);
				MARKETING_VERSION = 1.0;
				PRODUCT_BUNDLE_IDENTIFIER = com.cherries.app;
				PRODUCT_NAME = "$(TARGET_NAME)";
				SWIFT_EMIT_LOC_STRINGS = YES;
				SWIFT_VERSION = 5.0;
				TARGETED_DEVICE_FAMILY = "1,2";
			};
			name = Debug;
		};
		A8000004 /* Release */ = {
			isa = XCBuildConfiguration;
			buildSettings = {
				ASSETCATALOG_COMPILER_APPICON_NAME = AppIcon;
				ASSETCATALOG_COMPILER_GLOBAL_ACCENT_COLOR_NAME = AccentColor;
				CODE_SIGN_STYLE = Automatic;
				CURRENT_PROJECT_VERSION = 1;
				DEVELOPMENT_TEAM = "";
				ENABLE_PREVIEWS = YES;
				GENERATE_INFOPLIST_FILE = YES;
				INFOPLIST_KEY_UIApplicationSceneManifest_Generation = YES;
				INFOPLIST_KEY_UIApplicationSupportsIndirectInputEvents = YES;
				INFOPLIST_KEY_UILaunchScreen_Generation = YES;
				INFOPLIST_KEY_UISupportedInterfaceOrientations_iPad = "UIInterfaceOrientationPortrait UIInterfaceOrientationPortraitUpsideDown UIInterfaceOrientationLandscapeLeft UIInterfaceOrientationLandscapeRight";
				INFOPLIST_KEY_UISupportedInterfaceOrientations_iPhone = "UIInterfaceOrientationPortrait UIInterfaceOrientationLandscapeLeft UIInterfaceOrientationLandscapeRight";
				LD_RUNPATH_SEARCH_PATHS = (
					"$(inherited)",
					"@executable_path/Frameworks",
				);
				MARKETING_VERSION = 1.0;
				PRODUCT_BUNDLE_IDENTIFIER = com.cherries.app;
				PRODUCT_NAME = "$(TARGET_NAME)";
				SWIFT_EMIT_LOC_STRINGS = YES;
				SWIFT_VERSION = 5.0;
				TARGETED_DEVICE_FAMILY = "1,2";
			};
			name = Release;
		};
/* End XCBuildConfiguration section */

/* Begin XCConfigurationList section */
		A7000002 /* Build configuration list for PBXProject "Cherries" */ = {
			isa = XCConfigurationList;
			buildConfigurations = (
				A8000001 /* Debug */,
				A8000002 /* Release */,
			);
			defaultConfigurationIsVisible = 0;
			defaultConfigurationName = Release;
		};
		A7000003 /* Build configuration list for PBXNativeTarget "Cherries" */ = {
			isa = XCConfigurationList;
			buildConfigurations = (
				A8000003 /* Debug */,
				A8000004 /* Release */,
			);
			defaultConfigurationIsVisible = 0;
			defaultConfigurationName = Release;
		};
/* End XCConfigurationList section */
	};
	rootObject = A7000001 /* Project object */;
}
